
Microsoft Visual Studio Solution File, Format Version 12.00
# Visual Studio Version 16
VisualStudioVersion = 16.0.30804.86
MinimumVisualStudioVersion = 10.0.40219.1
Project("{FAE04EC0-301F-11D3-BF4B-00C04F79EFBC}") = "KütüpHane Program", "KütüpHane Program.csproj", "{F481DD7D-5FA9-49F4-A3AA-51D482E7374D}"
EndProject
Global
	GlobalSection(SolutionConfigurationPlatforms) = preSolution
		Debug|Any CPU = Debug|Any CPU
		Release|Any CPU = Release|Any CPU
	EndGlobalSection
	GlobalSection(ProjectConfigurationPlatforms) = postSolution
		{F481DD7D-5FA9-49F4-A3AA-51D482E7374D}.Debug|Any CPU.ActiveCfg = Debug|Any CPU
		{F481DD7D-5FA9-49F4-A3AA-51D482E7374D}.Debug|Any CPU.Build.0 = Debug|Any CPU
		{F481DD7D-5FA9-49F4-A3AA-51D482E7374D}.Release|Any CPU.ActiveCfg = Release|Any CPU
		{F481DD7D-5FA9-49F4-A3AA-51D482E7374D}.Release|Any CPU.Build.0 = Release|Any CPU
	EndGlobalSection
	GlobalSection(SolutionProperties) = preSolution
		HideSolutionNode = FALSE
	EndGlobalSection
	GlobalSection(ExtensibilityGlobals) = postSolution
		SolutionGuid = {0D8591FA-8645-4F29-83DF-27C52D7E64A9}
	EndGlobalSection
EndGlobal
